
Microsoft Visual Studio Solution File, Format Version 12.00
# Visual Studio 2012
Project("{2150E333-8FDC-42A3-9474-1A3956D46DE8}") = "Tests", "Tests", "{18CD5716-4DE7-460B-9586-75F4CD7196A5}"
EndProject
Project("{2150E333-8FDC-42A3-9474-1A3956D46DE8}") = "Domain", "Domain", "{13479F3B-D441-4156-BF4A-29484710E86E}"
EndProject
Project("{2150E333-8FDC-42A3-9474-1A3956D46DE8}") = "Services", "Services", "{C7A65946-43DA-41F3-9FCC-BEF02989D887}"
EndProject
Project("{FAE04EC0-301F-11D3-BF4B-00C04F79EFBC}") = "FindANewman.API", "Services\FindANewman.API\FindANewman.API.csproj", "{AF696FC8-18EB-4EB1-9657-64B76750CC97}"
EndProject
Project("{2150E333-8FDC-42A3-9474-1A3956D46DE8}") = "Domain", "Domain", "{9DE886C6-CB78-414D-9506-F1CD21E779EE}"
EndProject
Project("{2150E333-8FDC-42A3-9474-1A3956D46DE8}") = "Services", "Services", "{A7E7FCB6-A7E2-4672-80C9-7EB962A20CAF}"
EndProject
Project("{2150E333-8FDC-42A3-9474-1A3956D46DE8}") = "Application", "Application", "{4E8770C7-6F3D-42CB-AD15-41566D8197B1}"
EndProject
Project("{2150E333-8FDC-42A3-9474-1A3956D46DE8}") = "Application", "Application", "{DF7605BD-50BF-4017-B63A-136A850031E8}"
EndProject
Project("{FAE04EC0-301F-11D3-BF4B-00C04F79EFBC}") = "FindANewman.Domain", "Domain\FindANewman.Domain\FindANewman.Domain.csproj", "{94A2FDF5-5C3A-4CB5-850B-59EDBBB5A767}"
EndProject
Project("{FAE04EC0-301F-11D3-BF4B-00C04F79EFBC}") = "FindANewman.Domain.Tests", "Tests\Domain\FindANewman.Domain.Tests\FindANewman.Domain.Tests.csproj", "{D48D7BBD-5AA7-4D81-9DDF-ECAB7BB20D4E}"
EndProject
Project("{FAE04EC0-301F-11D3-BF4B-00C04F79EFBC}") = "FindANewman", "Application\FindANewman\FindANewman.csproj", "{4A81941B-89D2-4AF8-A5F2-593756232A0B}"
EndProject
Project("{FAE04EC0-301F-11D3-BF4B-00C04F79EFBC}") = "FindANewman.Tests", "Tests\Application\FindANewman.Tests\FindANewman.Tests.csproj", "{14D07454-83B7-4861-A2E0-C9AFAAD5893B}"
EndProject
Project("{FAE04EC0-301F-11D3-BF4B-00C04F79EFBC}") = "Testing.Common", "Tests\Testing.Common\Testing.Common.csproj", "{AA68576B-50A0-408F-9E7A-1AA6BE05B014}"
EndProject
Project("{FAE04EC0-301F-11D3-BF4B-00C04F79EFBC}") = "FindANewman.Data", "Domain\FindANewman.Data\FindANewman.Data.csproj", "{E2CAEAC3-B04B-4A10-A382-459129E2F4E8}"
EndProject
Project("{2150E333-8FDC-42A3-9474-1A3956D46DE8}") = "Database", "Database", "{F6D2892A-589B-4215-94BF-83BE772AE5E8}"
EndProject
Project("{00D1A9C2-B5F0-4AF3-8072-F6C62B433612}") = "FindANewman.Database", "Database\FindANewman.Database\FindANewman.Database.sqlproj", "{3F5B3670-6F77-4783-97D4-C0A428C0DF53}"
EndProject
Project("{FAE04EC0-301F-11D3-BF4B-00C04F79EFBC}") = "FindANewman.Data.Tests", "Tests\Domain\FindANewman.Data.Tests\FindANewman.Data.Tests.csproj", "{EC669522-F68A-4FE3-B480-7AB167FD72F1}"
EndProject
Project("{FAE04EC0-301F-11D3-BF4B-00C04F79EFBC}") = "FindANewman.Common", "Domain\FindANewman.Common\FindANewman.Common.csproj", "{C92EC397-A13D-4F9D-8783-39821112CB6D}"
EndProject
Project("{FAE04EC0-301F-11D3-BF4B-00C04F79EFBC}") = "FindANewman.Common.Tests", "Tests\Domain\FindANewman.Common.Tests\FindANewman.Common.Tests.csproj", "{681EF6A4-D15F-4612-9C2A-0F776B3E8413}"
EndProject
Global
	GlobalSection(SolutionConfigurationPlatforms) = preSolution
		Debug|Any CPU = Debug|Any CPU
		Release|Any CPU = Release|Any CPU
	EndGlobalSection
	GlobalSection(ProjectConfigurationPlatforms) = postSolution
		{AF696FC8-18EB-4EB1-9657-64B76750CC97}.Debug|Any CPU.ActiveCfg = Debug|Any CPU
		{AF696FC8-18EB-4EB1-9657-64B76750CC97}.Debug|Any CPU.Build.0 = Debug|Any CPU
		{AF696FC8-18EB-4EB1-9657-64B76750CC97}.Release|Any CPU.ActiveCfg = Release|Any CPU
		{AF696FC8-18EB-4EB1-9657-64B76750CC97}.Release|Any CPU.Build.0 = Release|Any CPU
		{94A2FDF5-5C3A-4CB5-850B-59EDBBB5A767}.Debug|Any CPU.ActiveCfg = Debug|Any CPU
		{94A2FDF5-5C3A-4CB5-850B-59EDBBB5A767}.Debug|Any CPU.Build.0 = Debug|Any CPU
		{94A2FDF5-5C3A-4CB5-850B-59EDBBB5A767}.Release|Any CPU.ActiveCfg = Release|Any CPU
		{94A2FDF5-5C3A-4CB5-850B-59EDBBB5A767}.Release|Any CPU.Build.0 = Release|Any CPU
		{D48D7BBD-5AA7-4D81-9DDF-ECAB7BB20D4E}.Debug|Any CPU.ActiveCfg = Debug|Any CPU
		{D48D7BBD-5AA7-4D81-9DDF-ECAB7BB20D4E}.Debug|Any CPU.Build.0 = Debug|Any CPU
		{D48D7BBD-5AA7-4D81-9DDF-ECAB7BB20D4E}.Release|Any CPU.ActiveCfg = Release|Any CPU
		{D48D7BBD-5AA7-4D81-9DDF-ECAB7BB20D4E}.Release|Any CPU.Build.0 = Release|Any CPU
		{4A81941B-89D2-4AF8-A5F2-593756232A0B}.Debug|Any CPU.ActiveCfg = Debug|Any CPU
		{4A81941B-89D2-4AF8-A5F2-593756232A0B}.Debug|Any CPU.Build.0 = Debug|Any CPU
		{4A81941B-89D2-4AF8-A5F2-593756232A0B}.Release|Any CPU.ActiveCfg = Release|Any CPU
		{4A81941B-89D2-4AF8-A5F2-593756232A0B}.Release|Any CPU.Build.0 = Release|Any CPU
		{14D07454-83B7-4861-A2E0-C9AFAAD5893B}.Debug|Any CPU.ActiveCfg = Debug|Any CPU
		{14D07454-83B7-4861-A2E0-C9AFAAD5893B}.Debug|Any CPU.Build.0 = Debug|Any CPU
		{14D07454-83B7-4861-A2E0-C9AFAAD5893B}.Release|Any CPU.ActiveCfg = Release|Any CPU
		{14D07454-83B7-4861-A2E0-C9AFAAD5893B}.Release|Any CPU.Build.0 = Release|Any CPU
		{AA68576B-50A0-408F-9E7A-1AA6BE05B014}.Debug|Any CPU.ActiveCfg = Debug|Any CPU
		{AA68576B-50A0-408F-9E7A-1AA6BE05B014}.Debug|Any CPU.Build.0 = Debug|Any CPU
		{AA68576B-50A0-408F-9E7A-1AA6BE05B014}.Release|Any CPU.ActiveCfg = Release|Any CPU
		{AA68576B-50A0-408F-9E7A-1AA6BE05B014}.Release|Any CPU.Build.0 = Release|Any CPU
		{E2CAEAC3-B04B-4A10-A382-459129E2F4E8}.Debug|Any CPU.ActiveCfg = Debug|Any CPU
		{E2CAEAC3-B04B-4A10-A382-459129E2F4E8}.Debug|Any CPU.Build.0 = Debug|Any CPU
		{E2CAEAC3-B04B-4A10-A382-459129E2F4E8}.Release|Any CPU.ActiveCfg = Release|Any CPU
		{E2CAEAC3-B04B-4A10-A382-459129E2F4E8}.Release|Any CPU.Build.0 = Release|Any CPU
		{3F5B3670-6F77-4783-97D4-C0A428C0DF53}.Debug|Any CPU.ActiveCfg = Debug|Any CPU
		{3F5B3670-6F77-4783-97D4-C0A428C0DF53}.Debug|Any CPU.Build.0 = Debug|Any CPU
		{3F5B3670-6F77-4783-97D4-C0A428C0DF53}.Debug|Any CPU.Deploy.0 = Debug|Any CPU
		{3F5B3670-6F77-4783-97D4-C0A428C0DF53}.Release|Any CPU.ActiveCfg = Release|Any CPU
		{3F5B3670-6F77-4783-97D4-C0A428C0DF53}.Release|Any CPU.Build.0 = Release|Any CPU
		{3F5B3670-6F77-4783-97D4-C0A428C0DF53}.Release|Any CPU.Deploy.0 = Release|Any CPU
		{EC669522-F68A-4FE3-B480-7AB167FD72F1}.Debug|Any CPU.ActiveCfg = Debug|Any CPU
		{EC669522-F68A-4FE3-B480-7AB167FD72F1}.Debug|Any CPU.Build.0 = Debug|Any CPU
		{EC669522-F68A-4FE3-B480-7AB167FD72F1}.Release|Any CPU.ActiveCfg = Release|Any CPU
		{EC669522-F68A-4FE3-B480-7AB167FD72F1}.Release|Any CPU.Build.0 = Release|Any CPU
		{C92EC397-A13D-4F9D-8783-39821112CB6D}.Debug|Any CPU.ActiveCfg = Debug|Any CPU
		{C92EC397-A13D-4F9D-8783-39821112CB6D}.Debug|Any CPU.Build.0 = Debug|Any CPU
		{C92EC397-A13D-4F9D-8783-39821112CB6D}.Release|Any CPU.ActiveCfg = Release|Any CPU
		{C92EC397-A13D-4F9D-8783-39821112CB6D}.Release|Any CPU.Build.0 = Release|Any CPU
		{681EF6A4-D15F-4612-9C2A-0F776B3E8413}.Debug|Any CPU.ActiveCfg = Debug|Any CPU
		{681EF6A4-D15F-4612-9C2A-0F776B3E8413}.Debug|Any CPU.Build.0 = Debug|Any CPU
		{681EF6A4-D15F-4612-9C2A-0F776B3E8413}.Release|Any CPU.ActiveCfg = Release|Any CPU
		{681EF6A4-D15F-4612-9C2A-0F776B3E8413}.Release|Any CPU.Build.0 = Release|Any CPU
	EndGlobalSection
	GlobalSection(SolutionProperties) = preSolution
		HideSolutionNode = FALSE
	EndGlobalSection
	GlobalSection(NestedProjects) = preSolution
		{9DE886C6-CB78-414D-9506-F1CD21E779EE} = {18CD5716-4DE7-460B-9586-75F4CD7196A5}
		{A7E7FCB6-A7E2-4672-80C9-7EB962A20CAF} = {18CD5716-4DE7-460B-9586-75F4CD7196A5}
		{DF7605BD-50BF-4017-B63A-136A850031E8} = {18CD5716-4DE7-460B-9586-75F4CD7196A5}
		{AA68576B-50A0-408F-9E7A-1AA6BE05B014} = {18CD5716-4DE7-460B-9586-75F4CD7196A5}
		{94A2FDF5-5C3A-4CB5-850B-59EDBBB5A767} = {13479F3B-D441-4156-BF4A-29484710E86E}
		{E2CAEAC3-B04B-4A10-A382-459129E2F4E8} = {13479F3B-D441-4156-BF4A-29484710E86E}
		{C92EC397-A13D-4F9D-8783-39821112CB6D} = {13479F3B-D441-4156-BF4A-29484710E86E}
		{AF696FC8-18EB-4EB1-9657-64B76750CC97} = {C7A65946-43DA-41F3-9FCC-BEF02989D887}
		{D48D7BBD-5AA7-4D81-9DDF-ECAB7BB20D4E} = {9DE886C6-CB78-414D-9506-F1CD21E779EE}
		{EC669522-F68A-4FE3-B480-7AB167FD72F1} = {9DE886C6-CB78-414D-9506-F1CD21E779EE}
		{681EF6A4-D15F-4612-9C2A-0F776B3E8413} = {9DE886C6-CB78-414D-9506-F1CD21E779EE}
		{4A81941B-89D2-4AF8-A5F2-593756232A0B} = {4E8770C7-6F3D-42CB-AD15-41566D8197B1}
		{14D07454-83B7-4861-A2E0-C9AFAAD5893B} = {DF7605BD-50BF-4017-B63A-136A850031E8}
		{3F5B3670-6F77-4783-97D4-C0A428C0DF53} = {F6D2892A-589B-4215-94BF-83BE772AE5E8}
	EndGlobalSection
EndGlobal
